
Microsoft Visual Studio Solution File, Format Version 12.00
# Visual Studio Version 16
VisualStudioVersion = 16.0.31829.152
MinimumVisualStudioVersion = 10.0.40219.1
Project("{FAE04EC0-301F-11D3-BF4B-00C04F79EFBC}") = "WebApplication3", "WebApplication3.csproj", "{DDCBC5FF-206A-454E-A3BF-F42EC03E61F5}"
EndProject
Global
	GlobalSection(SolutionConfigurationPlatforms) = preSolution
		Debug|Any CPU = Debug|Any CPU
		Release|Any CPU = Release|Any CPU
	EndGlobalSection
	GlobalSection(ProjectConfigurationPlatforms) = postSolution
		{DDCBC5FF-206A-454E-A3BF-F42EC03E61F5}.Debug|Any CPU.ActiveCfg = Debug|Any CPU
		{DDCBC5FF-206A-454E-A3BF-F42EC03E61F5}.Debug|Any CPU.Build.0 = Debug|Any CPU
		{DDCBC5FF-206A-454E-A3BF-F42EC03E61F5}.Release|Any CPU.ActiveCfg = Release|Any CPU
		{DDCBC5FF-206A-454E-A3BF-F42EC03E61F5}.Release|Any CPU.Build.0 = Release|Any CPU
	EndGlobalSection
	GlobalSection(SolutionProperties) = preSolution
		HideSolutionNode = FALSE
	EndGlobalSection
	GlobalSection(ExtensibilityGlobals) = postSolution
		SolutionGuid = {1993C685-EBC2-46DD-8762-7C6EFCEF9F4A}
	EndGlobalSection
EndGlobal
